
Microsoft Visual Studio Solution File, Format Version 12.00
# Visual Studio Version 17
VisualStudioVersion = 17.1.32328.378
MinimumVisualStudioVersion = 10.0.40219.1
Project("{9A19103F-16F7-4668-BE54-9A1E7A4F7556}") = "ClientApp", "ClientApp.csproj", "{0C19DDDD-A753-4208-AFB5-E2310626993C}"
EndProject
Project("{9A19103F-16F7-4668-BE54-9A1E7A4F7556}") = "ClassLibrary", "..\ClassLibrary\ClassLibrary.csproj", "{3DEDE2B5-8F7E-42DF-85FD-535BD9F3A2E6}"
EndProject
Global
	GlobalSection(SolutionConfigurationPlatforms) = preSolution
		Debug|Any CPU = Debug|Any CPU
		Release|Any CPU = Release|Any CPU
	EndGlobalSection
	GlobalSection(ProjectConfigurationPlatforms) = postSolution
		{0C19DDDD-A753-4208-AFB5-E2310626993C}.Debug|Any CPU.ActiveCfg = Debug|Any CPU
		{0C19DDDD-A753-4208-AFB5-E2310626993C}.Debug|Any CPU.Build.0 = Debug|Any CPU
		{0C19DDDD-A753-4208-AFB5-E2310626993C}.Release|Any CPU.ActiveCfg = Release|Any CPU
		{0C19DDDD-A753-4208-AFB5-E2310626993C}.Release|Any CPU.Build.0 = Release|Any CPU
		{3DEDE2B5-8F7E-42DF-85FD-535BD9F3A2E6}.Debug|Any CPU.ActiveCfg = Debug|Any CPU
		{3DEDE2B5-8F7E-42DF-85FD-535BD9F3A2E6}.Debug|Any CPU.Build.0 = Debug|Any CPU
		{3DEDE2B5-8F7E-42DF-85FD-535BD9F3A2E6}.Release|Any CPU.ActiveCfg = Release|Any CPU
		{3DEDE2B5-8F7E-42DF-85FD-535BD9F3A2E6}.Release|Any CPU.Build.0 = Release|Any CPU
	EndGlobalSection
	GlobalSection(SolutionProperties) = preSolution
		HideSolutionNode = FALSE
	EndGlobalSection
	GlobalSection(ExtensibilityGlobals) = postSolution
		SolutionGuid = {61C02B9C-6C4E-4884-A87E-6D32E7793EDD}
	EndGlobalSection
EndGlobal
